{
  "originHash" : "d6c981f093ab3c2621a052af876be1b634b864498115af3fb574de4e387f229a",
  "pins" : [
    {
      "identity" : "highlighterswift",
      "kind" : "remoteSourceControl",
      "location" : "https://github.com/smittytone/HighlighterSwift.git",
      "state" : {
        "branch" : "main",
        "revision" : "e1f4f78d851f7abfb26a6939bb490ec7ff9765b9"
      }
    }
  ],
  "version" : 3
}
