{
  "originHash" : "d6c981f093ab3c2621a052af876be1b634b864498115af3fb574de4e387f229a",
  "pins" : [
    {
      "identity" : "highlighterswift",
      "kind" : "remoteSourceControl",
      "location" : "https://github.com/smittytone/HighlighterSwift.git",
      "state" : {
        "branch" : "main",
        "revision" : "4ecafe2313e6f38a37f17767fc070621c2d98d44"
      }
    }
  ],
  "version" : 3
}
