{
  "originHash" : "d6c981f093ab3c2621a052af876be1b634b864498115af3fb574de4e387f229a",
  "pins" : [
    {
      "identity" : "highlighterswift",
      "kind" : "remoteSourceControl",
      "location" : "https://github.com/smittytone/HighlighterSwift.git",
      "state" : {
        "branch" : "develop",
        "revision" : "8d160bdaccda94ed255ad33d53a477c5ba37e04d"
      }
    }
  ],
  "version" : 3
}
